
Microsoft Visual Studio Solution File, Format Version 12.00
# Visual Studio Version 17
VisualStudioVersion = 17.12.35707.178
MinimumVisualStudioVersion = 10.0.40219.1
Project("{8BC9CEB8-8B4A-11D0-8D11-00A0C91BC942}") = "AaronLockerV2", "AaronLockerV2.vcxproj", "{B8B3BC1A-927A-4325-98FF-623AA87CB656}"
	ProjectSection(ProjectDependencies) = postProject
		{0C58A8F3-1058-4284-90E9-0D7B2A945A1A} = {0C58A8F3-1058-4284-90E9-0D7B2A945A1A}
		{2C81035F-287E-4C1A-AC27-D5E0A8F4CCCF} = {2C81035F-287E-4C1A-AC27-D5E0A8F4CCCF}
		{2EC04D75-EB48-42FD-8AA2-C502E84BA40A} = {2EC04D75-EB48-42FD-8AA2-C502E84BA40A}
		{3ABE3C0A-E4ED-4254-94A9-4C59CD218376} = {3ABE3C0A-E4ED-4254-94A9-4C59CD218376}
		{3DBE3605-CD57-42C0-BAD7-AAFB6004AC63} = {3DBE3605-CD57-42C0-BAD7-AAFB6004AC63}
		{4379E324-1F50-4DC8-9412-37C8D070BA2A} = {4379E324-1F50-4DC8-9412-37C8D070BA2A}
		{509EA4ED-15F4-47C5-A4B0-BDC6072FBA9B} = {509EA4ED-15F4-47C5-A4B0-BDC6072FBA9B}
		{5E12BF8D-2F47-4399-986D-A601AD3B49C2} = {5E12BF8D-2F47-4399-986D-A601AD3B49C2}
		{80546EC2-9FB8-49F5-A7A4-91BE80DE85FB} = {80546EC2-9FB8-49F5-A7A4-91BE80DE85FB}
		{8080C9B5-67AB-44B0-9739-F920D53636CD} = {8080C9B5-67AB-44B0-9739-F920D53636CD}
		{850F8515-68AF-4DF3-B7E5-DA4985C206E6} = {850F8515-68AF-4DF3-B7E5-DA4985C206E6}
		{8F34B068-7ABF-47E4-88FE-1EDEC81BEFD3} = {8F34B068-7ABF-47E4-88FE-1EDEC81BEFD3}
		{AE2D35FA-60B3-4079-AB47-4BF8426738E7} = {AE2D35FA-60B3-4079-AB47-4BF8426738E7}
		{DA0BB1BD-6E6B-4D5A-986C-138C3BA30ABD} = {DA0BB1BD-6E6B-4D5A-986C-138C3BA30ABD}
	EndProjectSection
EndProject
Project("{8BC9CEB8-8B4A-11D0-8D11-00A0C91BC942}") = "AppLockerFunctionality", "AppLockerFunctionality\AppLockerFunctionality.vcxproj", "{8F34B068-7ABF-47E4-88FE-1EDEC81BEFD3}"
EndProject
Project("{8BC9CEB8-8B4A-11D0-8D11-00A0C91BC942}") = "AppLocker_WDAC_EnhanceTool", "AppLocker_WDAC_EnhanceTool\AppLocker_WDAC_EnhanceTool.vcxproj", "{8080C9B5-67AB-44B0-9739-F920D53636CD}"
	ProjectSection(ProjectDependencies) = postProject
		{3ABE3C0A-E4ED-4254-94A9-4C59CD218376} = {3ABE3C0A-E4ED-4254-94A9-4C59CD218376}
	EndProjectSection
EndProject
Project("{8BC9CEB8-8B4A-11D0-8D11-00A0C91BC942}") = "DirectorySafetyFunctions", "DirectorySafetyFunctions\DirectorySafetyFunctions.vcxproj", "{509EA4ED-15F4-47C5-A4B0-BDC6072FBA9B}"
EndProject
Project("{8BC9CEB8-8B4A-11D0-8D11-00A0C91BC942}") = "GetAaronLockerFileInformation", "GetAaronLockerFileInformation\GetAaronLockerFileInformation.vcxproj", "{4379E324-1F50-4DC8-9412-37C8D070BA2A}"
	ProjectSection(ProjectDependencies) = postProject
		{3ABE3C0A-E4ED-4254-94A9-4C59CD218376} = {3ABE3C0A-E4ED-4254-94A9-4C59CD218376}
		{509EA4ED-15F4-47C5-A4B0-BDC6072FBA9B} = {509EA4ED-15F4-47C5-A4B0-BDC6072FBA9B}
		{8F34B068-7ABF-47E4-88FE-1EDEC81BEFD3} = {8F34B068-7ABF-47E4-88FE-1EDEC81BEFD3}
	EndProjectSection
EndProject
Project("{8BC9CEB8-8B4A-11D0-8D11-00A0C91BC942}") = "OfficeMacroControl", "OfficeMacroControl\OfficeMacroControl.vcxproj", "{DA0BB1BD-6E6B-4D5A-986C-138C3BA30ABD}"
EndProject
Project("{8BC9CEB8-8B4A-11D0-8D11-00A0C91BC942}") = "OfficeMacroControlTool", "OfficeMacroControlTool\OfficeMacroControlTool.vcxproj", "{AE2D35FA-60B3-4079-AB47-4BF8426738E7}"
	ProjectSection(ProjectDependencies) = postProject
		{3ABE3C0A-E4ED-4254-94A9-4C59CD218376} = {3ABE3C0A-E4ED-4254-94A9-4C59CD218376}
		{DA0BB1BD-6E6B-4D5A-986C-138C3BA30ABD} = {DA0BB1BD-6E6B-4D5A-986C-138C3BA30ABD}
	EndProjectSection
EndProject
Project("{8BC9CEB8-8B4A-11D0-8D11-00A0C91BC942}") = "PathToAppNameTool", "PathToAppNameTool\PathToAppNameTool.vcxproj", "{3DBE3605-CD57-42C0-BAD7-AAFB6004AC63}"
	ProjectSection(ProjectDependencies) = postProject
		{2EC04D75-EB48-42FD-8AA2-C502E84BA40A} = {2EC04D75-EB48-42FD-8AA2-C502E84BA40A}
		{3ABE3C0A-E4ED-4254-94A9-4C59CD218376} = {3ABE3C0A-E4ED-4254-94A9-4C59CD218376}
		{509EA4ED-15F4-47C5-A4B0-BDC6072FBA9B} = {509EA4ED-15F4-47C5-A4B0-BDC6072FBA9B}
		{8F34B068-7ABF-47E4-88FE-1EDEC81BEFD3} = {8F34B068-7ABF-47E4-88FE-1EDEC81BEFD3}
	EndProjectSection
EndProject
Project("{8BC9CEB8-8B4A-11D0-8D11-00A0C91BC942}") = "AaronLocker_CommonUtils", "AaronLocker_CommonUtils\AaronLocker_CommonUtils.vcxproj", "{3ABE3C0A-E4ED-4254-94A9-4C59CD218376}"
EndProject
Project("{8BC9CEB8-8B4A-11D0-8D11-00A0C91BC942}") = "AaronLocker_EndpointScanLogic", "AaronLocker_EndpointScanLogic\AaronLocker_EndpointScanLogic.vcxproj", "{2EC04D75-EB48-42FD-8AA2-C502E84BA40A}"
EndProject
Project("{8BC9CEB8-8B4A-11D0-8D11-00A0C91BC942}") = "AaronLocker_EndpointTool", "AaronLocker_EndpointTool\AaronLocker_EndpointTool.vcxproj", "{0C58A8F3-1058-4284-90E9-0D7B2A945A1A}"
	ProjectSection(ProjectDependencies) = postProject
		{2C81035F-287E-4C1A-AC27-D5E0A8F4CCCF} = {2C81035F-287E-4C1A-AC27-D5E0A8F4CCCF}
		{2EC04D75-EB48-42FD-8AA2-C502E84BA40A} = {2EC04D75-EB48-42FD-8AA2-C502E84BA40A}
		{3ABE3C0A-E4ED-4254-94A9-4C59CD218376} = {3ABE3C0A-E4ED-4254-94A9-4C59CD218376}
		{509EA4ED-15F4-47C5-A4B0-BDC6072FBA9B} = {509EA4ED-15F4-47C5-A4B0-BDC6072FBA9B}
		{8F34B068-7ABF-47E4-88FE-1EDEC81BEFD3} = {8F34B068-7ABF-47E4-88FE-1EDEC81BEFD3}
	EndProjectSection
EndProject
Project("{8BC9CEB8-8B4A-11D0-8D11-00A0C91BC942}") = "AaronLocker_RuleBuilder", "AaronLocker_RuleBuilder\AaronLocker_RuleBuilder.vcxproj", "{850F8515-68AF-4DF3-B7E5-DA4985C206E6}"
	ProjectSection(ProjectDependencies) = postProject
		{2C81035F-287E-4C1A-AC27-D5E0A8F4CCCF} = {2C81035F-287E-4C1A-AC27-D5E0A8F4CCCF}
		{3ABE3C0A-E4ED-4254-94A9-4C59CD218376} = {3ABE3C0A-E4ED-4254-94A9-4C59CD218376}
		{5E12BF8D-2F47-4399-986D-A601AD3B49C2} = {5E12BF8D-2F47-4399-986D-A601AD3B49C2}
	EndProjectSection
EndProject
Project("{8BC9CEB8-8B4A-11D0-8D11-00A0C91BC942}") = "AaronLocker_Serialization", "AaronLocker_Serialization\AaronLocker_Serialization.vcxproj", "{2C81035F-287E-4C1A-AC27-D5E0A8F4CCCF}"
EndProject
Project("{8BC9CEB8-8B4A-11D0-8D11-00A0C91BC942}") = "RuleBuilding", "RuleBuilding\RuleBuilding.vcxproj", "{5E12BF8D-2F47-4399-986D-A601AD3B49C2}"
EndProject
Project("{8BC9CEB8-8B4A-11D0-8D11-00A0C91BC942}") = "WinrtFunctionality", "WinrtFunctionality\WinrtFunctionality.vcxproj", "{80546EC2-9FB8-49F5-A7A4-91BE80DE85FB}"
	ProjectSection(ProjectDependencies) = postProject
		{3ABE3C0A-E4ED-4254-94A9-4C59CD218376} = {3ABE3C0A-E4ED-4254-94A9-4C59CD218376}
	EndProjectSection
EndProject
Project("{2150E333-8FDC-42A3-9474-1A3956D46DE8}") = "Solution Items", "Solution Items", "{C33F126D-7E1C-4632-B767-D963A3EF9EB6}"
	ProjectSection(SolutionItems) = preProject
		README.md = README.md
	EndProjectSection
EndProject
Global
	GlobalSection(SolutionConfigurationPlatforms) = preSolution
		Debug|x64 = Debug|x64
		Debug|x86 = Debug|x86
		Release|x64 = Release|x64
		Release|x86 = Release|x86
	EndGlobalSection
	GlobalSection(ProjectConfigurationPlatforms) = postSolution
		{B8B3BC1A-927A-4325-98FF-623AA87CB656}.Debug|x64.ActiveCfg = Debug|x64
		{B8B3BC1A-927A-4325-98FF-623AA87CB656}.Debug|x64.Build.0 = Debug|x64
		{B8B3BC1A-927A-4325-98FF-623AA87CB656}.Debug|x86.ActiveCfg = Debug|Win32
		{B8B3BC1A-927A-4325-98FF-623AA87CB656}.Debug|x86.Build.0 = Debug|Win32
		{B8B3BC1A-927A-4325-98FF-623AA87CB656}.Release|x64.ActiveCfg = Release|x64
		{B8B3BC1A-927A-4325-98FF-623AA87CB656}.Release|x64.Build.0 = Release|x64
		{B8B3BC1A-927A-4325-98FF-623AA87CB656}.Release|x86.ActiveCfg = Release|Win32
		{B8B3BC1A-927A-4325-98FF-623AA87CB656}.Release|x86.Build.0 = Release|Win32
		{8F34B068-7ABF-47E4-88FE-1EDEC81BEFD3}.Debug|x64.ActiveCfg = Debug|x64
		{8F34B068-7ABF-47E4-88FE-1EDEC81BEFD3}.Debug|x64.Build.0 = Debug|x64
		{8F34B068-7ABF-47E4-88FE-1EDEC81BEFD3}.Debug|x86.ActiveCfg = Debug|Win32
		{8F34B068-7ABF-47E4-88FE-1EDEC81BEFD3}.Debug|x86.Build.0 = Debug|Win32
		{8F34B068-7ABF-47E4-88FE-1EDEC81BEFD3}.Release|x64.ActiveCfg = Release|x64
		{8F34B068-7ABF-47E4-88FE-1EDEC81BEFD3}.Release|x64.Build.0 = Release|x64
		{8F34B068-7ABF-47E4-88FE-1EDEC81BEFD3}.Release|x86.ActiveCfg = Release|Win32
		{8F34B068-7ABF-47E4-88FE-1EDEC81BEFD3}.Release|x86.Build.0 = Release|Win32
		{8080C9B5-67AB-44B0-9739-F920D53636CD}.Debug|x64.ActiveCfg = Debug|x64
		{8080C9B5-67AB-44B0-9739-F920D53636CD}.Debug|x64.Build.0 = Debug|x64
		{8080C9B5-67AB-44B0-9739-F920D53636CD}.Debug|x86.ActiveCfg = Debug|Win32
		{8080C9B5-67AB-44B0-9739-F920D53636CD}.Debug|x86.Build.0 = Debug|Win32
		{8080C9B5-67AB-44B0-9739-F920D53636CD}.Release|x64.ActiveCfg = Release|x64
		{8080C9B5-67AB-44B0-9739-F920D53636CD}.Release|x64.Build.0 = Release|x64
		{8080C9B5-67AB-44B0-9739-F920D53636CD}.Release|x86.ActiveCfg = Release|Win32
		{8080C9B5-67AB-44B0-9739-F920D53636CD}.Release|x86.Build.0 = Release|Win32
		{509EA4ED-15F4-47C5-A4B0-BDC6072FBA9B}.Debug|x64.ActiveCfg = Debug|x64
		{509EA4ED-15F4-47C5-A4B0-BDC6072FBA9B}.Debug|x64.Build.0 = Debug|x64
		{509EA4ED-15F4-47C5-A4B0-BDC6072FBA9B}.Debug|x86.ActiveCfg = Debug|Win32
		{509EA4ED-15F4-47C5-A4B0-BDC6072FBA9B}.Debug|x86.Build.0 = Debug|Win32
		{509EA4ED-15F4-47C5-A4B0-BDC6072FBA9B}.Release|x64.ActiveCfg = Release|x64
		{509EA4ED-15F4-47C5-A4B0-BDC6072FBA9B}.Release|x64.Build.0 = Release|x64
		{509EA4ED-15F4-47C5-A4B0-BDC6072FBA9B}.Release|x86.ActiveCfg = Release|Win32
		{509EA4ED-15F4-47C5-A4B0-BDC6072FBA9B}.Release|x86.Build.0 = Release|Win32
		{4379E324-1F50-4DC8-9412-37C8D070BA2A}.Debug|x64.ActiveCfg = Debug|x64
		{4379E324-1F50-4DC8-9412-37C8D070BA2A}.Debug|x64.Build.0 = Debug|x64
		{4379E324-1F50-4DC8-9412-37C8D070BA2A}.Debug|x86.ActiveCfg = Debug|Win32
		{4379E324-1F50-4DC8-9412-37C8D070BA2A}.Debug|x86.Build.0 = Debug|Win32
		{4379E324-1F50-4DC8-9412-37C8D070BA2A}.Release|x64.ActiveCfg = Release|x64
		{4379E324-1F50-4DC8-9412-37C8D070BA2A}.Release|x64.Build.0 = Release|x64
		{4379E324-1F50-4DC8-9412-37C8D070BA2A}.Release|x86.ActiveCfg = Release|Win32
		{4379E324-1F50-4DC8-9412-37C8D070BA2A}.Release|x86.Build.0 = Release|Win32
		{DA0BB1BD-6E6B-4D5A-986C-138C3BA30ABD}.Debug|x64.ActiveCfg = Debug|x64
		{DA0BB1BD-6E6B-4D5A-986C-138C3BA30ABD}.Debug|x64.Build.0 = Debug|x64
		{DA0BB1BD-6E6B-4D5A-986C-138C3BA30ABD}.Debug|x86.ActiveCfg = Debug|Win32
		{DA0BB1BD-6E6B-4D5A-986C-138C3BA30ABD}.Debug|x86.Build.0 = Debug|Win32
		{DA0BB1BD-6E6B-4D5A-986C-138C3BA30ABD}.Release|x64.ActiveCfg = Release|x64
		{DA0BB1BD-6E6B-4D5A-986C-138C3BA30ABD}.Release|x64.Build.0 = Release|x64
		{DA0BB1BD-6E6B-4D5A-986C-138C3BA30ABD}.Release|x86.ActiveCfg = Release|Win32
		{DA0BB1BD-6E6B-4D5A-986C-138C3BA30ABD}.Release|x86.Build.0 = Release|Win32
		{AE2D35FA-60B3-4079-AB47-4BF8426738E7}.Debug|x64.ActiveCfg = Debug|x64
		{AE2D35FA-60B3-4079-AB47-4BF8426738E7}.Debug|x64.Build.0 = Debug|x64
		{AE2D35FA-60B3-4079-AB47-4BF8426738E7}.Debug|x86.ActiveCfg = Debug|Win32
		{AE2D35FA-60B3-4079-AB47-4BF8426738E7}.Debug|x86.Build.0 = Debug|Win32
		{AE2D35FA-60B3-4079-AB47-4BF8426738E7}.Release|x64.ActiveCfg = Release|x64
		{AE2D35FA-60B3-4079-AB47-4BF8426738E7}.Release|x64.Build.0 = Release|x64
		{AE2D35FA-60B3-4079-AB47-4BF8426738E7}.Release|x86.ActiveCfg = Release|Win32
		{AE2D35FA-60B3-4079-AB47-4BF8426738E7}.Release|x86.Build.0 = Release|Win32
		{3DBE3605-CD57-42C0-BAD7-AAFB6004AC63}.Debug|x64.ActiveCfg = Debug|x64
		{3DBE3605-CD57-42C0-BAD7-AAFB6004AC63}.Debug|x64.Build.0 = Debug|x64
		{3DBE3605-CD57-42C0-BAD7-AAFB6004AC63}.Debug|x86.ActiveCfg = Debug|Win32
		{3DBE3605-CD57-42C0-BAD7-AAFB6004AC63}.Debug|x86.Build.0 = Debug|Win32
		{3DBE3605-CD57-42C0-BAD7-AAFB6004AC63}.Release|x64.ActiveCfg = Release|x64
		{3DBE3605-CD57-42C0-BAD7-AAFB6004AC63}.Release|x64.Build.0 = Release|x64
		{3DBE3605-CD57-42C0-BAD7-AAFB6004AC63}.Release|x86.ActiveCfg = Release|Win32
		{3DBE3605-CD57-42C0-BAD7-AAFB6004AC63}.Release|x86.Build.0 = Release|Win32
		{3ABE3C0A-E4ED-4254-94A9-4C59CD218376}.Debug|x64.ActiveCfg = Debug|x64
		{3ABE3C0A-E4ED-4254-94A9-4C59CD218376}.Debug|x64.Build.0 = Debug|x64
		{3ABE3C0A-E4ED-4254-94A9-4C59CD218376}.Debug|x86.ActiveCfg = Debug|Win32
		{3ABE3C0A-E4ED-4254-94A9-4C59CD218376}.Debug|x86.Build.0 = Debug|Win32
		{3ABE3C0A-E4ED-4254-94A9-4C59CD218376}.Release|x64.ActiveCfg = Release|x64
		{3ABE3C0A-E4ED-4254-94A9-4C59CD218376}.Release|x64.Build.0 = Release|x64
		{3ABE3C0A-E4ED-4254-94A9-4C59CD218376}.Release|x86.ActiveCfg = Release|Win32
		{3ABE3C0A-E4ED-4254-94A9-4C59CD218376}.Release|x86.Build.0 = Release|Win32
		{2EC04D75-EB48-42FD-8AA2-C502E84BA40A}.Debug|x64.ActiveCfg = Debug|x64
		{2EC04D75-EB48-42FD-8AA2-C502E84BA40A}.Debug|x64.Build.0 = Debug|x64
		{2EC04D75-EB48-42FD-8AA2-C502E84BA40A}.Debug|x86.ActiveCfg = Debug|Win32
		{2EC04D75-EB48-42FD-8AA2-C502E84BA40A}.Debug|x86.Build.0 = Debug|Win32
		{2EC04D75-EB48-42FD-8AA2-C502E84BA40A}.Release|x64.ActiveCfg = Release|x64
		{2EC04D75-EB48-42FD-8AA2-C502E84BA40A}.Release|x64.Build.0 = Release|x64
		{2EC04D75-EB48-42FD-8AA2-C502E84BA40A}.Release|x86.ActiveCfg = Release|Win32
		{2EC04D75-EB48-42FD-8AA2-C502E84BA40A}.Release|x86.Build.0 = Release|Win32
		{0C58A8F3-1058-4284-90E9-0D7B2A945A1A}.Debug|x64.ActiveCfg = Debug|x64
		{0C58A8F3-1058-4284-90E9-0D7B2A945A1A}.Debug|x64.Build.0 = Debug|x64
		{0C58A8F3-1058-4284-90E9-0D7B2A945A1A}.Debug|x86.ActiveCfg = Debug|Win32
		{0C58A8F3-1058-4284-90E9-0D7B2A945A1A}.Debug|x86.Build.0 = Debug|Win32
		{0C58A8F3-1058-4284-90E9-0D7B2A945A1A}.Release|x64.ActiveCfg = Release|x64
		{0C58A8F3-1058-4284-90E9-0D7B2A945A1A}.Release|x64.Build.0 = Release|x64
		{0C58A8F3-1058-4284-90E9-0D7B2A945A1A}.Release|x86.ActiveCfg = Release|Win32
		{0C58A8F3-1058-4284-90E9-0D7B2A945A1A}.Release|x86.Build.0 = Release|Win32
		{850F8515-68AF-4DF3-B7E5-DA4985C206E6}.Debug|x64.ActiveCfg = Debug|x64
		{850F8515-68AF-4DF3-B7E5-DA4985C206E6}.Debug|x64.Build.0 = Debug|x64
		{850F8515-68AF-4DF3-B7E5-DA4985C206E6}.Debug|x86.ActiveCfg = Debug|Win32
		{850F8515-68AF-4DF3-B7E5-DA4985C206E6}.Debug|x86.Build.0 = Debug|Win32
		{850F8515-68AF-4DF3-B7E5-DA4985C206E6}.Release|x64.ActiveCfg = Release|x64
		{850F8515-68AF-4DF3-B7E5-DA4985C206E6}.Release|x64.Build.0 = Release|x64
		{850F8515-68AF-4DF3-B7E5-DA4985C206E6}.Release|x86.ActiveCfg = Release|Win32
		{850F8515-68AF-4DF3-B7E5-DA4985C206E6}.Release|x86.Build.0 = Release|Win32
		{2C81035F-287E-4C1A-AC27-D5E0A8F4CCCF}.Debug|x64.ActiveCfg = Debug|x64
		{2C81035F-287E-4C1A-AC27-D5E0A8F4CCCF}.Debug|x64.Build.0 = Debug|x64
		{2C81035F-287E-4C1A-AC27-D5E0A8F4CCCF}.Debug|x86.ActiveCfg = Debug|Win32
		{2C81035F-287E-4C1A-AC27-D5E0A8F4CCCF}.Debug|x86.Build.0 = Debug|Win32
		{2C81035F-287E-4C1A-AC27-D5E0A8F4CCCF}.Release|x64.ActiveCfg = Release|x64
		{2C81035F-287E-4C1A-AC27-D5E0A8F4CCCF}.Release|x64.Build.0 = Release|x64
		{2C81035F-287E-4C1A-AC27-D5E0A8F4CCCF}.Release|x86.ActiveCfg = Release|Win32
		{2C81035F-287E-4C1A-AC27-D5E0A8F4CCCF}.Release|x86.Build.0 = Release|Win32
		{5E12BF8D-2F47-4399-986D-A601AD3B49C2}.Debug|x64.ActiveCfg = Debug|x64
		{5E12BF8D-2F47-4399-986D-A601AD3B49C2}.Debug|x64.Build.0 = Debug|x64
		{5E12BF8D-2F47-4399-986D-A601AD3B49C2}.Debug|x86.ActiveCfg = Debug|Win32
		{5E12BF8D-2F47-4399-986D-A601AD3B49C2}.Debug|x86.Build.0 = Debug|Win32
		{5E12BF8D-2F47-4399-986D-A601AD3B49C2}.Release|x64.ActiveCfg = Release|x64
		{5E12BF8D-2F47-4399-986D-A601AD3B49C2}.Release|x64.Build.0 = Release|x64
		{5E12BF8D-2F47-4399-986D-A601AD3B49C2}.Release|x86.ActiveCfg = Release|Win32
		{5E12BF8D-2F47-4399-986D-A601AD3B49C2}.Release|x86.Build.0 = Release|Win32
		{80546EC2-9FB8-49F5-A7A4-91BE80DE85FB}.Debug|x64.ActiveCfg = Debug|x64
		{80546EC2-9FB8-49F5-A7A4-91BE80DE85FB}.Debug|x64.Build.0 = Debug|x64
		{80546EC2-9FB8-49F5-A7A4-91BE80DE85FB}.Debug|x86.ActiveCfg = Debug|Win32
		{80546EC2-9FB8-49F5-A7A4-91BE80DE85FB}.Debug|x86.Build.0 = Debug|Win32
		{80546EC2-9FB8-49F5-A7A4-91BE80DE85FB}.Release|x64.ActiveCfg = Release|x64
		{80546EC2-9FB8-49F5-A7A4-91BE80DE85FB}.Release|x64.Build.0 = Release|x64
		{80546EC2-9FB8-49F5-A7A4-91BE80DE85FB}.Release|x86.ActiveCfg = Release|Win32
		{80546EC2-9FB8-49F5-A7A4-91BE80DE85FB}.Release|x86.Build.0 = Release|Win32
	EndGlobalSection
	GlobalSection(SolutionProperties) = preSolution
		HideSolutionNode = FALSE
	EndGlobalSection
	GlobalSection(ExtensibilityGlobals) = postSolution
		SolutionGuid = {6308A140-D45D-49F1-BD37-28D7A74A2BD5}
	EndGlobalSection
EndGlobal
