<?xml version="1.0" encoding="utf-8"?>
<Project ToolsVersion="4.0" xmlns="http://schemas.microsoft.com/developer/msbuild/2003">
  <ItemGroup>
    <Filter Include="Source Files">
      <UniqueIdentifier>{4FC737F1-C7A5-4376-A066-2A32D752A2FF}</UniqueIdentifier>
      <Extensions>cpp;c;cc;cxx;c++;cppm;ixx;def;odl;idl;hpj;bat;asm;asmx</Extensions>
    </Filter>
    <Filter Include="Header Files">
      <UniqueIdentifier>{93995380-89BD-4b04-88EB-625FBE52EBFB}</UniqueIdentifier>
      <Extensions>h;hh;hpp;hxx;h++;hm;inl;inc;ipp;xsd</Extensions>
    </Filter>
    <Filter Include="Resource Files">
      <UniqueIdentifier>{67DA6AB6-F800-4c08-8B7A-83BB121AAD01}</UniqueIdentifier>
      <Extensions>rc;ico;cur;bmp;dlg;rc2;rct;bin;rgs;gif;jpg;jpeg;jpe;resx;tiff;tif;png;wav;mfcribbon-ms</Extensions>
    </Filter>
    <Filter Include="CodeGen">
      <UniqueIdentifier>{99362fc1-24e8-4153-8ba2-0b014839de5c}</UniqueIdentifier>
    </Filter>
  </ItemGroup>
  <ItemGroup>
    <ClInclude Include="OfficeMacroControl.h">
      <Filter>Header Files</Filter>
    </ClInclude>
    <ClInclude Include="OfficeMacroGpoData.h">
      <Filter>Header Files</Filter>
    </ClInclude>
    <ClInclude Include="OfficeMacroKeysToClean.h">
      <Filter>Header Files</Filter>
    </ClInclude>
  </ItemGroup>
  <ItemGroup>
    <ClCompile Include="OfficeMacroControl.cpp">
      <Filter>Source Files</Filter>
    </ClCompile>
    <ClCompile Include="OfficeMacroGpoData.cpp">
      <Filter>Source Files</Filter>
    </ClCompile>
    <ClCompile Include="OfficeMacroKeysToClean.cpp">
      <Filter>Source Files</Filter>
    </ClCompile>
  </ItemGroup>
  <ItemGroup>
    <None Include="CodeGen\ASR-Audit.PolicyRules">
      <Filter>CodeGen</Filter>
    </None>
    <None Include="CodeGen\ASR-Block.PolicyRules">
      <Filter>CodeGen</Filter>
    </None>
    <None Include="CodeGen\ASR-Off.PolicyRules">
      <Filter>CodeGen</Filter>
    </None>
    <None Include="CodeGen\ASR-Warn.PolicyRules">
      <Filter>CodeGen</Filter>
    </None>
    <None Include="CodeGen\BlockMacrosFromRunningInOfficeFilesFromTheInternet.PolicyRules">
      <Filter>CodeGen</Filter>
    </None>
    <None Include="CodeGen\DisableAllUnsignedMacros-basic.PolicyRules">
      <Filter>CodeGen</Filter>
    </None>
    <None Include="CodeGen\DisableAllUnsignedMacros-reqTrustedPub.PolicyRules">
      <Filter>CodeGen</Filter>
    </None>
    <None Include="CodeGen\DisableAllUnsignedMacros-strict.PolicyRules">
      <Filter>CodeGen</Filter>
    </None>
    <None Include="CodeGen\DisableUnsignedAddins-ExcelAndPpt.PolicyRules">
      <Filter>CodeGen</Filter>
    </None>
    <None Include="CodeGen\Mitigations-All.xlsx">
      <Filter>CodeGen</Filter>
    </None>
    <None Include="CodeGen\MitigationsAllToCpp.ps1">
      <Filter>CodeGen</Filter>
    </None>
    <None Include="CodeGen\Mitigations-All-Unedited.xlsx">
      <Filter>CodeGen</Filter>
    </None>
    <None Include="CodeGen\Office-DisableAllTrustedLocations.PolicyRules">
      <Filter>CodeGen</Filter>
    </None>
    <None Include="CodeGen\Office-DisableAllVBA.PolicyRules">
      <Filter>CodeGen</Filter>
    </None>
    <None Include="CodeGen\Office-LegacyFileBlock.PolicyRules">
      <Filter>CodeGen</Filter>
    </None>
    <None Include="CodeGen\Office-ScanEncryptedMacros.PolicyRules">
      <Filter>CodeGen</Filter>
    </None>
    <None Include="CodeGen\ReadMe - code generation for OfficeMacroControl.htm">
      <Filter>CodeGen</Filter>
    </None>
  </ItemGroup>
  <ItemGroup>
    <Text Include="CodeGen\Mitigations-All.txt">
      <Filter>CodeGen</Filter>
    </Text>
  </ItemGroup>
</Project>